
Microsoft Visual Studio Solution File, Format Version 12.00
# Visual Studio 15
VisualStudioVersion = 15.0.28010.2036
MinimumVisualStudioVersion = 10.0.40219.1
Project("{9A19103F-16F7-4668-BE54-9A1E7A4F7556}") = "Distask", "Distask\Distask.csproj", "{4551E7FB-B767-491C-B7C7-8E687469E588}"
EndProject
Project("{9A19103F-16F7-4668-BE54-9A1E7A4F7556}") = "Distask.Hosting", "Distask.Hosting\Distask.Hosting.csproj", "{43611E16-BFD3-406B-AFFC-F618E7E3489B}"
EndProject
Project("{9A19103F-16F7-4668-BE54-9A1E7A4F7556}") = "Distask.ConsoleApp", "Distask.ConsoleApp\Distask.ConsoleApp.csproj", "{4F551A46-F35B-406A-A491-6ADE0407BACB}"
EndProject
Project("{9A19103F-16F7-4668-BE54-9A1E7A4F7556}") = "Distask.Tests", "Distask.Tests\Distask.Tests.csproj", "{0392EEE1-3723-459C-8F7D-CBDEF34F8FF4}"
EndProject
Project("{2150E333-8FDC-42A3-9474-1A3956D46DE8}") = "unit-tests", "unit-tests", "{561C8941-A315-4D5B-89BD-4C4FC6DC8FBF}"
EndProject
Project("{2150E333-8FDC-42A3-9474-1A3956D46DE8}") = "integration-tests", "integration-tests", "{F4A5BE51-5DCA-49A4-A55A-AB7E035CFACA}"
EndProject
Project("{FAE04EC0-301F-11D3-BF4B-00C04F79EFBC}") = "Distask.Tests.Integration.Master", "..\integration-tests\Distask.Tests.Integration.Master\Distask.Tests.Integration.Master.csproj", "{3A90D15B-7DCB-48A8-9BCB-ABD83865784C}"
EndProject
Project("{FAE04EC0-301F-11D3-BF4B-00C04F79EFBC}") = "Distask.Tests.Integration.Broker", "..\integration-tests\Distask.Tests.Integration.Broker\Distask.Tests.Integration.Broker.csproj", "{B7AA2F88-7CBC-4787-8790-D77F320C1495}"
EndProject
Global
	GlobalSection(SolutionConfigurationPlatforms) = preSolution
		Debug|Any CPU = Debug|Any CPU
		Release|Any CPU = Release|Any CPU
	EndGlobalSection
	GlobalSection(ProjectConfigurationPlatforms) = postSolution
		{4551E7FB-B767-491C-B7C7-8E687469E588}.Debug|Any CPU.ActiveCfg = Debug|Any CPU
		{4551E7FB-B767-491C-B7C7-8E687469E588}.Debug|Any CPU.Build.0 = Debug|Any CPU
		{4551E7FB-B767-491C-B7C7-8E687469E588}.Release|Any CPU.ActiveCfg = Release|Any CPU
		{4551E7FB-B767-491C-B7C7-8E687469E588}.Release|Any CPU.Build.0 = Release|Any CPU
		{43611E16-BFD3-406B-AFFC-F618E7E3489B}.Debug|Any CPU.ActiveCfg = Debug|Any CPU
		{43611E16-BFD3-406B-AFFC-F618E7E3489B}.Debug|Any CPU.Build.0 = Debug|Any CPU
		{43611E16-BFD3-406B-AFFC-F618E7E3489B}.Release|Any CPU.ActiveCfg = Release|Any CPU
		{43611E16-BFD3-406B-AFFC-F618E7E3489B}.Release|Any CPU.Build.0 = Release|Any CPU
		{4F551A46-F35B-406A-A491-6ADE0407BACB}.Debug|Any CPU.ActiveCfg = Debug|Any CPU
		{4F551A46-F35B-406A-A491-6ADE0407BACB}.Debug|Any CPU.Build.0 = Debug|Any CPU
		{4F551A46-F35B-406A-A491-6ADE0407BACB}.Release|Any CPU.ActiveCfg = Release|Any CPU
		{4F551A46-F35B-406A-A491-6ADE0407BACB}.Release|Any CPU.Build.0 = Release|Any CPU
		{0392EEE1-3723-459C-8F7D-CBDEF34F8FF4}.Debug|Any CPU.ActiveCfg = Debug|Any CPU
		{0392EEE1-3723-459C-8F7D-CBDEF34F8FF4}.Debug|Any CPU.Build.0 = Debug|Any CPU
		{0392EEE1-3723-459C-8F7D-CBDEF34F8FF4}.Release|Any CPU.ActiveCfg = Release|Any CPU
		{0392EEE1-3723-459C-8F7D-CBDEF34F8FF4}.Release|Any CPU.Build.0 = Release|Any CPU
		{3A90D15B-7DCB-48A8-9BCB-ABD83865784C}.Debug|Any CPU.ActiveCfg = Debug|Any CPU
		{3A90D15B-7DCB-48A8-9BCB-ABD83865784C}.Debug|Any CPU.Build.0 = Debug|Any CPU
		{3A90D15B-7DCB-48A8-9BCB-ABD83865784C}.Release|Any CPU.ActiveCfg = Release|Any CPU
		{3A90D15B-7DCB-48A8-9BCB-ABD83865784C}.Release|Any CPU.Build.0 = Release|Any CPU
		{B7AA2F88-7CBC-4787-8790-D77F320C1495}.Debug|Any CPU.ActiveCfg = Debug|Any CPU
		{B7AA2F88-7CBC-4787-8790-D77F320C1495}.Debug|Any CPU.Build.0 = Debug|Any CPU
		{B7AA2F88-7CBC-4787-8790-D77F320C1495}.Release|Any CPU.ActiveCfg = Release|Any CPU
		{B7AA2F88-7CBC-4787-8790-D77F320C1495}.Release|Any CPU.Build.0 = Release|Any CPU
	EndGlobalSection
	GlobalSection(SolutionProperties) = preSolution
		HideSolutionNode = FALSE
	EndGlobalSection
	GlobalSection(NestedProjects) = preSolution
		{0392EEE1-3723-459C-8F7D-CBDEF34F8FF4} = {561C8941-A315-4D5B-89BD-4C4FC6DC8FBF}
		{3A90D15B-7DCB-48A8-9BCB-ABD83865784C} = {F4A5BE51-5DCA-49A4-A55A-AB7E035CFACA}
		{B7AA2F88-7CBC-4787-8790-D77F320C1495} = {F4A5BE51-5DCA-49A4-A55A-AB7E035CFACA}
	EndGlobalSection
	GlobalSection(ExtensibilityGlobals) = postSolution
		SolutionGuid = {8B37FCC1-AFBB-4AF2-A71F-2AEF20601EE0}
	EndGlobalSection
EndGlobal
